
Microsoft Visual Studio Solution File, Format Version 12.00
# Visual Studio Version 17
VisualStudioVersion = 17.5.002.0
MinimumVisualStudioVersion = 10.0.40219.1
Project("{9A19103F-16F7-4668-BE54-9A1E7A4F7556}") = "CommandService", "CommandService.csproj", "{3599FE0D-1363-48E8-B4A1-C2D7EF3B0749}"
EndProject
Global
	GlobalSection(SolutionConfigurationPlatforms) = preSolution
		Debug|Any CPU = Debug|Any CPU
		Release|Any CPU = Release|Any CPU
	EndGlobalSection
	GlobalSection(ProjectConfigurationPlatforms) = postSolution
		{3599FE0D-1363-48E8-B4A1-C2D7EF3B0749}.Debug|Any CPU.ActiveCfg = Debug|Any CPU
		{3599FE0D-1363-48E8-B4A1-C2D7EF3B0749}.Debug|Any CPU.Build.0 = Debug|Any CPU
		{3599FE0D-1363-48E8-B4A1-C2D7EF3B0749}.Release|Any CPU.ActiveCfg = Release|Any CPU
		{3599FE0D-1363-48E8-B4A1-C2D7EF3B0749}.Release|Any CPU.Build.0 = Release|Any CPU
	EndGlobalSection
	GlobalSection(SolutionProperties) = preSolution
		HideSolutionNode = FALSE
	EndGlobalSection
	GlobalSection(ExtensibilityGlobals) = postSolution
		SolutionGuid = {1B273FD3-38B7-43E6-8595-108BF24B039A}
	EndGlobalSection
EndGlobal
